// !$*UTF8*$!
{
	archiveVersion = 1;
	classes = {
	};
	objectVersion = 56;
	objects = {

/* Begin PBXBuildFile section */
		8049788E2AAB1DE0003F433F /* hotelApp.swift in Sources */ = {isa = PBXBuildFile; fileRef = 8049788D2AAB1DE0003F433F /* hotelApp.swift */; };
		804978902AAB1DE0003F433F /* MainView.swift in Sources */ = {isa = PBXBuildFile; fileRef = 8049788F2AAB1DE0003F433F /* MainView.swift */; };
		804978922AAB1DE3003F433F /* Assets.xcassets in Resources */ = {isa = PBXBuildFile; fileRef = 804978912AAB1DE3003F433F /* Assets.xcassets */; };
		804978952AAB1DE3003F433F /* Preview Assets.xcassets in Resources */ = {isa = PBXBuildFile; fileRef = 804978942AAB1DE3003F433F /* Preview Assets.xcassets */; };
		8049789F2AAB1DE3003F433F /* hotelTests.swift in Sources */ = {isa = PBXBuildFile; fileRef = 8049789E2AAB1DE3003F433F /* hotelTests.swift */; };
		804978A92AAB1DE3003F433F /* hotelUITests.swift in Sources */ = {isa = PBXBuildFile; fileRef = 804978A82AAB1DE3003F433F /* hotelUITests.swift */; };
		804978AB2AAB1DE3003F433F /* hotelUITestsLaunchTests.swift in Sources */ = {isa = PBXBuildFile; fileRef = 804978AA2AAB1DE3003F433F /* hotelUITestsLaunchTests.swift */; };
/* End PBXBuildFile section */

/* Begin PBXContainerItemProxy section */
		8049789B2AAB1DE3003F433F /* PBXContainerItemProxy */ = {
			isa = PBXContainerItemProxy;
			containerPortal = 804978822AAB1DE0003F433F /* Project object */;
			proxyType = 1;
			remoteGlobalIDString = 804978892AAB1DE0003F433F;
			remoteInfo = hotel;
		};
		804978A52AAB1DE3003F433F /* PBXContainerItemProxy */ = {
			isa = PBXContainerItemProxy;
			containerPortal = 804978822AAB1DE0003F433F /* Project object */;
			proxyType = 1;
			remoteGlobalIDString = 804978892AAB1DE0003F433F;
			remoteInfo = hotel;
		};
/* End PBXContainerItemProxy section */

/* Begin PBXFileReference section */
		8049788A2AAB1DE0003F433F /* hotel.app */ = {isa = PBXFileReference; explicitFileType = wrapper.application; includeInIndex = 0; path = hotel.app; sourceTree = BUILT_PRODUCTS_DIR; };
		8049788D2AAB1DE0003F433F /* hotelApp.swift */ = {isa = PBXFileReference; lastKnownFileType = sourcecode.swift; path = hotelApp.swift; sourceTree = "<group>"; };
		8049788F2AAB1DE0003F433F /* MainView.swift */ = {isa = PBXFileReference; lastKnownFileType = sourcecode.swift; path = MainView.swift; sourceTree = "<group>"; };
		804978912AAB1DE3003F433F /* Assets.xcassets */ = {isa = PBXFileReference; lastKnownFileType = folder.assetcatalog; path = Assets.xcassets; sourceTree = "<group>"; };
		804978942AAB1DE3003F433F /* Preview Assets.xcassets */ = {isa = PBXFileReference; lastKnownFileType = folder.assetcatalog; path = "Preview Assets.xcassets"; sourceTree = "<group>"; };
		8049789A2AAB1DE3003F433F /* hotelTests.xctest */ = {isa = PBXFileReference; explicitFileType = wrapper.cfbundle; includeInIndex = 0; path = hotelTests.xctest; sourceTree = BUILT_PRODUCTS_DIR; };
		8049789E2AAB1DE3003F433F /* hotelTests.swift */ = {isa = PBXFileReference; lastKnownFileType = sourcecode.swift; path = hotelTests.swift; sourceTree = "<group>"; };
		804978A42AAB1DE3003F433F /* hotelUITests.xctest */ = {isa = PBXFileReference; explicitFileType = wrapper.cfbundle; includeInIndex = 0; path = hotelUITests.xctest; sourceTree = BUILT_PRODUCTS_DIR; };
		804978A82AAB1DE3003F433F /* hotelUITests.swift */ = {isa = PBXFileReference; lastKnownFileType = sourcecode.swift; path = hotelUITests.swift; sourceTree = "<group>"; };
		804978AA2AAB1DE3003F433F /* hotelUITestsLaunchTests.swift */ = {isa = PBXFileReference; lastKnownFileType = sourcecode.swift; path = hotelUITestsLaunchTests.swift; sourceTree = "<group>"; };
/* End PBXFileReference section */

/* Begin PBXFrameworksBuildPhase section */
		804978872AAB1DE0003F433F /* Frameworks */ = {
			isa = PBXFrameworksBuildPhase;
			buildActionMask = 2147483647;
			files = (
			);
			runOnlyForDeploymentPostprocessing = 0;
		};
		804978972AAB1DE3003F433F /* Frameworks */ = {
			isa = PBXFrameworksBuildPhase;
			buildActionMask = 2147483647;
			files = (
			);
			runOnlyForDeploymentPostprocessing = 0;
		};
		804978A12AAB1DE3003F433F /* Frameworks */ = {
			isa = PBXFrameworksBuildPhase;
			buildActionMask = 2147483647;
			files = (
			);
			runOnlyForDeploymentPostprocessing = 0;
		};
/* End PBXFrameworksBuildPhase section */

/* Begin PBXGroup section */
		804978812AAB1DE0003F433F = {
			isa = PBXGroup;
			children = (
				8049788C2AAB1DE0003F433F /* hotel */,
				8049789D2AAB1DE3003F433F /* hotelTests */,
				804978A72AAB1DE3003F433F /* hotelUITests */,
				8049788B2AAB1DE0003F433F /* Products */,
			);
			sourceTree = "<group>";
		};
		8049788B2AAB1DE0003F433F /* Products */ = {
			isa = PBXGroup;
			children = (
				8049788A2AAB1DE0003F433F /* hotel.app */,
				8049789A2AAB1DE3003F433F /* hotelTests.xctest */,
				804978A42AAB1DE3003F433F /* hotelUITests.xctest */,
			);
			name = Products;
			sourceTree = "<group>";
		};
		8049788C2AAB1DE0003F433F /* hotel */ = {
			isa = PBXGroup;
			children = (
				8049788D2AAB1DE0003F433F /* hotelApp.swift */,
				8049788F2AAB1DE0003F433F /* MainView.swift */,
				804978912AAB1DE3003F433F /* Assets.xcassets */,
				804978932AAB1DE3003F433F /* Preview Content */,
			);
			path = hotel;
			sourceTree = "<group>";
		};
		804978932AAB1DE3003F433F /* Preview Content */ = {
			isa = PBXGroup;
			children = (
				804978942AAB1DE3003F433F /* Preview Assets.xcassets */,
			);
			path = "Preview Content";
			sourceTree = "<group>";
		};
		8049789D2AAB1DE3003F433F /* hotelTests */ = {
			isa = PBXGroup;
			children = (
				8049789E2AAB1DE3003F433F /* hotelTests.swift */,
			);
			path = hotelTests;
			sourceTree = "<group>";
		};
		804978A72AAB1DE3003F433F /* hotelUITests */ = {
			isa = PBXGroup;
			children = (
				804978A82AAB1DE3003F433F /* hotelUITests.swift */,
				804978AA2AAB1DE3003F433F /* hotelUITestsLaunchTests.swift */,
			);
			path = hotelUITests;
			sourceTree = "<group>";
		};
/* End PBXGroup section */

/* Begin PBXNativeTarget section */
		804978892AAB1DE0003F433F /* hotel */ = {
			isa = PBXNativeTarget;
			buildConfigurationList = 804978AE2AAB1DE3003F433F /* Build configuration list for PBXNativeTarget "hotel" */;
			buildPhases = (
				804978862AAB1DE0003F433F /* Sources */,
				804978872AAB1DE0003F433F /* Frameworks */,
				804978882AAB1DE0003F433F /* Resources */,
			);
			buildRules = (
			);
			dependencies = (
			);
			name = hotel;
			productName = hotel;
			productReference = 8049788A2AAB1DE0003F433F /* hotel.app */;
			productType = "com.apple.product-type.application";
		};
		804978992AAB1DE3003F433F /* hotelTests */ = {
			isa = PBXNativeTarget;
			buildConfigurationList = 804978B12AAB1DE3003F433F /* Build configuration list for PBXNativeTarget "hotelTests" */;
			buildPhases = (
				804978962AAB1DE3003F433F /* Sources */,
				804978972AAB1DE3003F433F /* Frameworks */,
				804978982AAB1DE3003F433F /* Resources */,
			);
			buildRules = (
			);
			dependencies = (
				8049789C2AAB1DE3003F433F /* PBXTargetDependency */,
			);
			name = hotelTests;
			productName = hotelTests;
			productReference = 8049789A2AAB1DE3003F433F /* hotelTests.xctest */;
			productType = "com.apple.product-type.bundle.unit-test";
		};
		804978A32AAB1DE3003F433F /* hotelUITests */ = {
			isa = PBXNativeTarget;
			buildConfigurationList = 804978B42AAB1DE3003F433F /* Build configuration list for PBXNativeTarget "hotelUITests" */;
			buildPhases = (
				804978A02AAB1DE3003F433F /* Sources */,
				804978A12AAB1DE3003F433F /* Frameworks */,
				804978A22AAB1DE3003F433F /* Resources */,
			);
			buildRules = (
			);
			dependencies = (
				804978A62AAB1DE3003F433F /* PBXTargetDependency */,
			);
			name = hotelUITests;
			productName = hotelUITests;
			productReference = 804978A42AAB1DE3003F433F /* hotelUITests.xctest */;
			productType = "com.apple.product-type.bundle.ui-testing";
		};
/* End PBXNativeTarget section */

/* Begin PBXProject section */
		804978822AAB1DE0003F433F /* Project object */ = {
			isa = PBXProject;
			attributes = {
				BuildIndependentTargetsInParallel = 1;
				LastSwiftUpdateCheck = 1430;
				LastUpgradeCheck = 1430;
				TargetAttributes = {
					804978892AAB1DE0003F433F = {
						CreatedOnToolsVersion = 14.3.1;
					};
					804978992AAB1DE3003F433F = {
						CreatedOnToolsVersion = 14.3.1;
						TestTargetID = 804978892AAB1DE0003F433F;
					};
					804978A32AAB1DE3003F433F = {
						CreatedOnToolsVersion = 14.3.1;
						TestTargetID = 804978892AAB1DE0003F433F;
					};
				};
			};
			buildConfigurationList = 804978852AAB1DE0003F433F /* Build configuration list for PBXProject "hotel" */;
			compatibilityVersion = "Xcode 14.0";
			developmentRegion = en;
			hasScannedForEncodings = 0;
			knownRegions = (
				en,
				Base,
			);
			mainGroup = 804978812AAB1DE0003F433F;
			productRefGroup = 8049788B2AAB1DE0003F433F /* Products */;
			projectDirPath = "";
			projectRoot = "";
			targets = (
				804978892AAB1DE0003F433F /* hotel */,
				804978992AAB1DE3003F433F /* hotelTests */,
				804978A32AAB1DE3003F433F /* hotelUITests */,
			);
		};
/* End PBXProject section */

/* Begin PBXResourcesBuildPhase section */
		804978882AAB1DE0003F433F /* Resources */ = {
			isa = PBXResourcesBuildPhase;
			buildActionMask = 2147483647;
			files = (
				804978952AAB1DE3003F433F /* Preview Assets.xcassets in Resources */,
				804978922AAB1DE3003F433F /* Assets.xcassets in Resources */,
			);
			runOnlyForDeploymentPostprocessing = 0;
		};
		804978982AAB1DE3003F433F /* Resources */ = {
			isa = PBXResourcesBuildPhase;
			buildActionMask = 2147483647;
			files = (
			);
			runOnlyForDeploymentPostprocessing = 0;
		};
		804978A22AAB1DE3003F433F /* Resources */ = {
			isa = PBXResourcesBuildPhase;
			buildActionMask = 2147483647;
			files = (
			);
			runOnlyForDeploymentPostprocessing = 0;
		};
/* End PBXResourcesBuildPhase section */

/* Begin PBXSourcesBuildPhase section */
		804978862AAB1DE0003F433F /* Sources */ = {
			isa = PBXSourcesBuildPhase;
			buildActionMask = 2147483647;
			files = (
				804978902AAB1DE0003F433F /* MainView.swift in Sources */,
				8049788E2AAB1DE0003F433F /* hotelApp.swift in Sources */,
			);
			runOnlyForDeploymentPostprocessing = 0;
		};
		804978962AAB1DE3003F433F /* Sources */ = {
			isa = PBXSourcesBuildPhase;
			buildActionMask = 2147483647;
			files = (
				8049789F2AAB1DE3003F433F /* hotelTests.swift in Sources */,
			);
			runOnlyForDeploymentPostprocessing = 0;
		};
		804978A02AAB1DE3003F433F /* Sources */ = {
			isa = PBXSourcesBuildPhase;
			buildActionMask = 2147483647;
			files = (
				804978A92AAB1DE3003F433F /* hotelUITests.swift in Sources */,
				804978AB2AAB1DE3003F433F /* hotelUITestsLaunchTests.swift in Sources */,
			);
			runOnlyForDeploymentPostprocessing = 0;
		};
/* End PBXSourcesBuildPhase section */

/* Begin PBXTargetDependency section */
		8049789C2AAB1DE3003F433F /* PBXTargetDependency */ = {
			isa = PBXTargetDependency;
			target = 804978892AAB1DE0003F433F /* hotel */;
			targetProxy = 8049789B2AAB1DE3003F433F /* PBXContainerItemProxy */;
		};
		804978A62AAB1DE3003F433F /* PBXTargetDependency */ = {
			isa = PBXTargetDependency;
			target = 804978892AAB1DE0003F433F /* hotel */;
			targetProxy = 804978A52AAB1DE3003F433F /* PBXContainerItemProxy */;
		};
/* End PBXTargetDependency section */

/* Begin XCBuildConfiguration section */
		804978AC2AAB1DE3003F433F /* Debug */ = {
			isa = XCBuildConfiguration;
			buildSettings = {
				ALWAYS_SEARCH_USER_PATHS = NO;
				CLANG_ANALYZER_NONNULL = YES;
				CLANG_ANALYZER_NUMBER_OBJECT_CONVERSION = YES_AGGRESSIVE;
				CLANG_CXX_LANGUAGE_STANDARD = "gnu++20";
				CLANG_ENABLE_MODULES = YES;
				CLANG_ENABLE_OBJC_ARC = YES;
				CLANG_ENABLE_OBJC_WEAK = YES;
				CLANG_WARN_BLOCK_CAPTURE_AUTORELEASING = YES;
				CLANG_WARN_BOOL_CONVERSION = YES;
				CLANG_WARN_COMMA = YES;
				CLANG_WARN_CONSTANT_CONVERSION = YES;
				CLANG_WARN_DEPRECATED_OBJC_IMPLEMENTATIONS = YES;
				CLANG_WARN_DIRECT_OBJC_ISA_USAGE = YES_ERROR;
				CLANG_WARN_DOCUMENTATION_COMMENTS = YES;
				CLANG_WARN_EMPTY_BODY = YES;
				CLANG_WARN_ENUM_CONVERSION = YES;
				CLANG_WARN_INFINITE_RECURSION = YES;
				CLANG_WARN_INT_CONVERSION = YES;
				CLANG_WARN_NON_LITERAL_NULL_CONVERSION = YES;
				CLANG_WARN_OBJC_IMPLICIT_RETAIN_SELF = YES;
				CLANG_WARN_OBJC_LITERAL_CONVERSION = YES;
				CLANG_WARN_OBJC_ROOT_CLASS = YES_ERROR;
				CLANG_WARN_QUOTED_INCLUDE_IN_FRAMEWORK_HEADER = YES;
				CLANG_WARN_RANGE_LOOP_ANALYSIS = YES;
				CLANG_WARN_STRICT_PROTOTYPES = YES;
				CLANG_WARN_SUSPICIOUS_MOVE = YES;
				CLANG_WARN_UNGUARDED_AVAILABILITY = YES_AGGRESSIVE;
				CLANG_WARN_UNREACHABLE_CODE = YES;
				CLANG_WARN__DUPLICATE_METHOD_MATCH = YES;
				COPY_PHASE_STRIP = NO;
				DEBUG_INFORMATION_FORMAT = dwarf;
				ENABLE_STRICT_OBJC_MSGSEND = YES;
				ENABLE_TESTABILITY = YES;
				GCC_C_LANGUAGE_STANDARD = gnu11;
				GCC_DYNAMIC_NO_PIC = NO;
				GCC_NO_COMMON_BLOCKS = YES;
				GCC_OPTIMIZATION_LEVEL = 0;
				GCC_PREPROCESSOR_DEFINITIONS = (
					"DEBUG=1",
					"$(inherited)",
				);
				GCC_WARN_64_TO_32_BIT_CONVERSION = YES;
				GCC_WARN_ABOUT_RETURN_TYPE = YES_ERROR;
				GCC_WARN_UNDECLARED_SELECTOR = YES;
				GCC_WARN_UNINITIALIZED_AUTOS = YES_AGGRESSIVE;
				GCC_WARN_UNUSED_FUNCTION = YES;
				GCC_WARN_UNUSED_VARIABLE = YES;
				IPHONEOS_DEPLOYMENT_TARGET = 16.4;
				MTL_ENABLE_DEBUG_INFO = INCLUDE_SOURCE;
				MTL_FAST_MATH = YES;
				ONLY_ACTIVE_ARCH = YES;
				SDKROOT = iphoneos;
				SWIFT_ACTIVE_COMPILATION_CONDITIONS = DEBUG;
				SWIFT_OPTIMIZATION_LEVEL = "-Onone";
			};
			name = Debug;
		};
		804978AD2AAB1DE3003F433F /* Release */ = {
			isa = XCBuildConfiguration;
			buildSettings = {
				ALWAYS_SEARCH_USER_PATHS = NO;
				CLANG_ANALYZER_NONNULL = YES;
				CLANG_ANALYZER_NUMBER_OBJECT_CONVERSION = YES_AGGRESSIVE;
				CLANG_CXX_LANGUAGE_STANDARD = "gnu++20";
				CLANG_ENABLE_MODULES = YES;
				CLANG_ENABLE_OBJC_ARC = YES;
				CLANG_ENABLE_OBJC_WEAK = YES;
				CLANG_WARN_BLOCK_CAPTURE_AUTORELEASING = YES;
				CLANG_WARN_BOOL_CONVERSION = YES;
				CLANG_WARN_COMMA = YES;
				CLANG_WARN_CONSTANT_CONVERSION = YES;
				CLANG_WARN_DEPRECATED_OBJC_IMPLEMENTATIONS = YES;
				CLANG_WARN_DIRECT_OBJC_ISA_USAGE = YES_ERROR;
				CLANG_WARN_DOCUMENTATION_COMMENTS = YES;
				CLANG_WARN_EMPTY_BODY = YES;
				CLANG_WARN_ENUM_CONVERSION = YES;
				CLANG_WARN_INFINITE_RECURSION = YES;
				CLANG_WARN_INT_CONVERSION = YES;
				CLANG_WARN_NON_LITERAL_NULL_CONVERSION = YES;
				CLANG_WARN_OBJC_IMPLICIT_RETAIN_SELF = YES;
				CLANG_WARN_OBJC_LITERAL_CONVERSION = YES;
				CLANG_WARN_OBJC_ROOT_CLASS = YES_ERROR;
				CLANG_WARN_QUOTED_INCLUDE_IN_FRAMEWORK_HEADER = YES;
				CLANG_WARN_RANGE_LOOP_ANALYSIS = YES;
				CLANG_WARN_STRICT_PROTOTYPES = YES;
				CLANG_WARN_SUSPICIOUS_MOVE = YES;
				CLANG_WARN_UNGUARDED_AVAILABILITY = YES_AGGRESSIVE;
				CLANG_WARN_UNREACHABLE_CODE = YES;
				CLANG_WARN__DUPLICATE_METHOD_MATCH = YES;
				COPY_PHASE_STRIP = NO;
				DEBUG_INFORMATION_FORMAT = "dwarf-with-dsym";
				ENABLE_NS_ASSERTIONS = NO;
				ENABLE_STRICT_OBJC_MSGSEND = YES;
				GCC_C_LANGUAGE_STANDARD = gnu11;
				GCC_NO_COMMON_BLOCKS = YES;
				GCC_WARN_64_TO_32_BIT_CONVERSION = YES;
				GCC_WARN_ABOUT_RETURN_TYPE = YES_ERROR;
				GCC_WARN_UNDECLARED_SELECTOR = YES;
				GCC_WARN_UNINITIALIZED_AUTOS = YES_AGGRESSIVE;
				GCC_WARN_UNUSED_FUNCTION = YES;
				GCC_WARN_UNUSED_VARIABLE = YES;
				IPHONEOS_DEPLOYMENT_TARGET = 16.4;
				MTL_ENABLE_DEBUG_INFO = NO;
				MTL_FAST_MATH = YES;
				SDKROOT = iphoneos;
				SWIFT_COMPILATION_MODE = wholemodule;
				SWIFT_OPTIMIZATION_LEVEL = "-O";
				VALIDATE_PRODUCT = YES;
			};
			name = Release;
		};
		804978AF2AAB1DE3003F433F /* Debug */ = {
			isa = XCBuildConfiguration;
			buildSettings = {
				ASSETCATALOG_COMPILER_APPICON_NAME = AppIcon;
				ASSETCATALOG_COMPILER_GLOBAL_ACCENT_COLOR_NAME = AccentColor;
				CODE_SIGN_STYLE = Automatic;
				CURRENT_PROJECT_VERSION = 1;
				DEVELOPMENT_ASSET_PATHS = "\"hotel/Preview Content\"";
				ENABLE_PREVIEWS = YES;
				GENERATE_INFOPLIST_FILE = YES;
				INFOPLIST_KEY_UIApplicationSceneManifest_Generation = YES;
				INFOPLIST_KEY_UIApplicationSupportsIndirectInputEvents = YES;
				INFOPLIST_KEY_UILaunchScreen_Generation = YES;
				INFOPLIST_KEY_UISupportedInterfaceOrientations_iPad = "UIInterfaceOrientationPortrait UIInterfaceOrientationPortraitUpsideDown UIInterfaceOrientationLandscapeLeft UIInterfaceOrientationLandscapeRight";
				INFOPLIST_KEY_UISupportedInterfaceOrientations_iPhone = "UIInterfaceOrientationPortrait UIInterfaceOrientationLandscapeLeft UIInterfaceOrientationLandscapeRight";
				LD_RUNPATH_SEARCH_PATHS = (
					"$(inherited)",
					"@executable_path/Frameworks",
				);
				MARKETING_VERSION = 1.0;
				PRODUCT_BUNDLE_IDENTIFIER = "Home-wini-studio.hotel";
				PRODUCT_NAME = "$(TARGET_NAME)";
				SWIFT_EMIT_LOC_STRINGS = YES;
				SWIFT_VERSION = 5.0;
				TARGETED_DEVICE_FAMILY = "1,2";
			};
			name = Debug;
		};
		804978B02AAB1DE3003F433F /* Release */ = {
			isa = XCBuildConfiguration;
			buildSettings = {
				ASSETCATALOG_COMPILER_APPICON_NAME = AppIcon;
				ASSETCATALOG_COMPILER_GLOBAL_ACCENT_COLOR_NAME = AccentColor;
				CODE_SIGN_STYLE = Automatic;
				CURRENT_PROJECT_VERSION = 1;
				DEVELOPMENT_ASSET_PATHS = "\"hotel/Preview Content\"";
				ENABLE_PREVIEWS = YES;
				GENERATE_INFOPLIST_FILE = YES;
				INFOPLIST_KEY_UIApplicationSceneManifest_Generation = YES;
				INFOPLIST_KEY_UIApplicationSupportsIndirectInputEvents = YES;
				INFOPLIST_KEY_UILaunchScreen_Generation = YES;
				INFOPLIST_KEY_UISupportedInterfaceOrientations_iPad = "UIInterfaceOrientationPortrait UIInterfaceOrientationPortraitUpsideDown UIInterfaceOrientationLandscapeLeft UIInterfaceOrientationLandscapeRight";
				INFOPLIST_KEY_UISupportedInterfaceOrientations_iPhone = "UIInterfaceOrientationPortrait UIInterfaceOrientationLandscapeLeft UIInterfaceOrientationLandscapeRight";
				LD_RUNPATH_SEARCH_PATHS = (
					"$(inherited)",
					"@executable_path/Frameworks",
				);
				MARKETING_VERSION = 1.0;
				PRODUCT_BUNDLE_IDENTIFIER = "Home-wini-studio.hotel";
				PRODUCT_NAME = "$(TARGET_NAME)";
				SWIFT_EMIT_LOC_STRINGS = YES;
				SWIFT_VERSION = 5.0;
				TARGETED_DEVICE_FAMILY = "1,2";
			};
			name = Release;
		};
		804978B22AAB1DE3003F433F /* Debug */ = {
			isa = XCBuildConfiguration;
			buildSettings = {
				ALWAYS_EMBED_SWIFT_STANDARD_LIBRARIES = YES;
				BUNDLE_LOADER = "$(TEST_HOST)";
				CODE_SIGN_STYLE = Automatic;
				CURRENT_PROJECT_VERSION = 1;
				GENERATE_INFOPLIST_FILE = YES;
				IPHONEOS_DEPLOYMENT_TARGET = 16.4;
				MARKETING_VERSION = 1.0;
				PRODUCT_BUNDLE_IDENTIFIER = "Home-wini-studio.hotelTests";
				PRODUCT_NAME = "$(TARGET_NAME)";
				SWIFT_EMIT_LOC_STRINGS = NO;
				SWIFT_VERSION = 5.0;
				TARGETED_DEVICE_FAMILY = "1,2";
				TEST_HOST = "$(BUILT_PRODUCTS_DIR)/hotel.app/$(BUNDLE_EXECUTABLE_FOLDER_PATH)/hotel";
			};
			name = Debug;
		};
		804978B32AAB1DE3003F433F /* Release */ = {
			isa = XCBuildConfiguration;
			buildSettings = {
				ALWAYS_EMBED_SWIFT_STANDARD_LIBRARIES = YES;
				BUNDLE_LOADER = "$(TEST_HOST)";
				CODE_SIGN_STYLE = Automatic;
				CURRENT_PROJECT_VERSION = 1;
				GENERATE_INFOPLIST_FILE = YES;
				IPHONEOS_DEPLOYMENT_TARGET = 16.4;
				MARKETING_VERSION = 1.0;
				PRODUCT_BUNDLE_IDENTIFIER = "Home-wini-studio.hotelTests";
				PRODUCT_NAME = "$(TARGET_NAME)";
				SWIFT_EMIT_LOC_STRINGS = NO;
				SWIFT_VERSION = 5.0;
				TARGETED_DEVICE_FAMILY = "1,2";
				TEST_HOST = "$(BUILT_PRODUCTS_DIR)/hotel.app/$(BUNDLE_EXECUTABLE_FOLDER_PATH)/hotel";
			};
			name = Release;
		};
		804978B52AAB1DE3003F433F /* Debug */ = {
			isa = XCBuildConfiguration;
			buildSettings = {
				ALWAYS_EMBED_SWIFT_STANDARD_LIBRARIES = YES;
				CODE_SIGN_STYLE = Automatic;
				CURRENT_PROJECT_VERSION = 1;
				GENERATE_INFOPLIST_FILE = YES;
				MARKETING_VERSION = 1.0;
				PRODUCT_BUNDLE_IDENTIFIER = "Home-wini-studio.hotelUITests";
				PRODUCT_NAME = "$(TARGET_NAME)";
				SWIFT_EMIT_LOC_STRINGS = NO;
				SWIFT_VERSION = 5.0;
				TARGETED_DEVICE_FAMILY = "1,2";
				TEST_TARGET_NAME = hotel;
			};
			name = Debug;
		};
		804978B62AAB1DE3003F433F /* Release */ = {
			isa = XCBuildConfiguration;
			buildSettings = {
				ALWAYS_EMBED_SWIFT_STANDARD_LIBRARIES = YES;
				CODE_SIGN_STYLE = Automatic;
				CURRENT_PROJECT_VERSION = 1;
				GENERATE_INFOPLIST_FILE = YES;
				MARKETING_VERSION = 1.0;
				PRODUCT_BUNDLE_IDENTIFIER = "Home-wini-studio.hotelUITests";
				PRODUCT_NAME = "$(TARGET_NAME)";
				SWIFT_EMIT_LOC_STRINGS = NO;
				SWIFT_VERSION = 5.0;
				TARGETED_DEVICE_FAMILY = "1,2";
				TEST_TARGET_NAME = hotel;
			};
			name = Release;
		};
/* End XCBuildConfiguration section */

/* Begin XCConfigurationList section */
		804978852AAB1DE0003F433F /* Build configuration list for PBXProject "hotel" */ = {
			isa = XCConfigurationList;
			buildConfigurations = (
				804978AC2AAB1DE3003F433F /* Debug */,
				804978AD2AAB1DE3003F433F /* Release */,
			);
			defaultConfigurationIsVisible = 0;
			defaultConfigurationName = Release;
		};
		804978AE2AAB1DE3003F433F /* Build configuration list for PBXNativeTarget "hotel" */ = {
			isa = XCConfigurationList;
			buildConfigurations = (
				804978AF2AAB1DE3003F433F /* Debug */,
				804978B02AAB1DE3003F433F /* Release */,
			);
			defaultConfigurationIsVisible = 0;
			defaultConfigurationName = Release;
		};
		804978B12AAB1DE3003F433F /* Build configuration list for PBXNativeTarget "hotelTests" */ = {
			isa = XCConfigurationList;
			buildConfigurations = (
				804978B22AAB1DE3003F433F /* Debug */,
				804978B32AAB1DE3003F433F /* Release */,
			);
			defaultConfigurationIsVisible = 0;
			defaultConfigurationName = Release;
		};
		804978B42AAB1DE3003F433F /* Build configuration list for PBXNativeTarget "hotelUITests" */ = {
			isa = XCConfigurationList;
			buildConfigurations = (
				804978B52AAB1DE3003F433F /* Debug */,
				804978B62AAB1DE3003F433F /* Release */,
			);
			defaultConfigurationIsVisible = 0;
			defaultConfigurationName = Release;
		};
/* End XCConfigurationList section */
	};
	rootObject = 804978822AAB1DE0003F433F /* Project object */;
}
